
Microsoft Visual Studio Solution File, Format Version 12.00
# Visual Studio Version 17
VisualStudioVersion = 17.5.002.0
MinimumVisualStudioVersion = 10.0.40219.1
Project("{9A19103F-16F7-4668-BE54-9A1E7A4F7556}") = "WindFarmMonitoring", "WindFarmMonitoring.csproj", "{FEE4E66F-8855-4C85-A160-FF0D66708873}"
EndProject
Global
	GlobalSection(SolutionConfigurationPlatforms) = preSolution
		Debug|Any CPU = Debug|Any CPU
		Release|Any CPU = Release|Any CPU
	EndGlobalSection
	GlobalSection(ProjectConfigurationPlatforms) = postSolution
		{FEE4E66F-8855-4C85-A160-FF0D66708873}.Debug|Any CPU.ActiveCfg = Debug|Any CPU
		{FEE4E66F-8855-4C85-A160-FF0D66708873}.Debug|Any CPU.Build.0 = Debug|Any CPU
		{FEE4E66F-8855-4C85-A160-FF0D66708873}.Release|Any CPU.ActiveCfg = Release|Any CPU
		{FEE4E66F-8855-4C85-A160-FF0D66708873}.Release|Any CPU.Build.0 = Release|Any CPU
	EndGlobalSection
	GlobalSection(SolutionProperties) = preSolution
		HideSolutionNode = FALSE
	EndGlobalSection
	GlobalSection(ExtensibilityGlobals) = postSolution
		SolutionGuid = {566D5E48-E4DC-4062-8B93-41FBE7320778}
	EndGlobalSection
EndGlobal
